
Microsoft Visual Studio Solution File, Format Version 12.00
# Visual Studio Version 17
VisualStudioVersion = 17.9.34607.119
MinimumVisualStudioVersion = 10.0.40219.1
Project("{9A19103F-16F7-4668-BE54-9A1E7A4F7556}") = "DapperDemo", "DapperDemo\DapperDemo.csproj", "{A76903CD-E671-4AFD-AFAF-00B0683963B1}"
EndProject
Project("{9A19103F-16F7-4668-BE54-9A1E7A4F7556}") = "BusinessLayer", "BusinessLayer\BusinessLayer.csproj", "{CE7D4DE1-9B46-4602-B2C8-4B623031D7DA}"
EndProject
Project("{FAE04EC0-301F-11D3-BF4B-00C04F79EFBC}") = "CommonLayer", "CommonLayer\CommonLayer.csproj", "{77ACF333-7D00-423D-BCDC-704F556559CE}"
EndProject
Global
	GlobalSection(SolutionConfigurationPlatforms) = preSolution
		Debug|Any CPU = Debug|Any CPU
		Release|Any CPU = Release|Any CPU
	EndGlobalSection
	GlobalSection(ProjectConfigurationPlatforms) = postSolution
		{A76903CD-E671-4AFD-AFAF-00B0683963B1}.Debug|Any CPU.ActiveCfg = Debug|Any CPU
		{A76903CD-E671-4AFD-AFAF-00B0683963B1}.Debug|Any CPU.Build.0 = Debug|Any CPU
		{A76903CD-E671-4AFD-AFAF-00B0683963B1}.Release|Any CPU.ActiveCfg = Release|Any CPU
		{A76903CD-E671-4AFD-AFAF-00B0683963B1}.Release|Any CPU.Build.0 = Release|Any CPU
		{CE7D4DE1-9B46-4602-B2C8-4B623031D7DA}.Debug|Any CPU.ActiveCfg = Debug|Any CPU
		{CE7D4DE1-9B46-4602-B2C8-4B623031D7DA}.Debug|Any CPU.Build.0 = Debug|Any CPU
		{CE7D4DE1-9B46-4602-B2C8-4B623031D7DA}.Release|Any CPU.ActiveCfg = Release|Any CPU
		{CE7D4DE1-9B46-4602-B2C8-4B623031D7DA}.Release|Any CPU.Build.0 = Release|Any CPU
		{77ACF333-7D00-423D-BCDC-704F556559CE}.Debug|Any CPU.ActiveCfg = Debug|Any CPU
		{77ACF333-7D00-423D-BCDC-704F556559CE}.Debug|Any CPU.Build.0 = Debug|Any CPU
		{77ACF333-7D00-423D-BCDC-704F556559CE}.Release|Any CPU.ActiveCfg = Release|Any CPU
		{77ACF333-7D00-423D-BCDC-704F556559CE}.Release|Any CPU.Build.0 = Release|Any CPU
	EndGlobalSection
	GlobalSection(SolutionProperties) = preSolution
		HideSolutionNode = FALSE
	EndGlobalSection
	GlobalSection(ExtensibilityGlobals) = postSolution
		SolutionGuid = {305C8F71-7B1D-441B-8CCB-90561A8ADA4C}
	EndGlobalSection
EndGlobal
